Microsoft Visual Studio Solution File, Format Version 12.00
# Visual Studio 14
VisualStudioVersion = 14.0.25420.1
MinimumVisualStudioVersion = 10.0.40219.1
Project("{FAE04EC0-301F-11D3-BF4B-00C04F79EFBC}") = "Noterium.Core", "Noterium.Core\Noterium.Core.csproj", "{8DAEFFC0-4370-4F9F-A9E9-528D0E9FF2E4}"
EndProject
Project("{2150E333-8FDC-42A3-9474-1A3956D46DE8}") = ".nuget", ".nuget", "{DAF49F5D-F5A8-46EA-B6B6-E26B490DF6AE}"
	ProjectSection(SolutionItems) = preProject
		.nuget\NuGet.Config = .nuget\NuGet.Config
		.nuget\NuGet.exe = .nuget\NuGet.exe
		.nuget\NuGet.targets = .nuget\NuGet.targets
	EndProjectSection
EndProject
Project("{FAE04EC0-301F-11D3-BF4B-00C04F79EFBC}") = "Noterium", "Noterium\Noterium.csproj", "{D35B4D1E-B885-47CB-B0CF-546FF3F3E391}"
EndProject
Project("{930C7802-8A8C-48F9-8165-68863BCCD9DD}") = "Setup", "Setup\Setup.wixproj", "{2338CB08-8C33-4E4E-8E63-DB6922EFF3AD}"
EndProject
Project("{2150E333-8FDC-42A3-9474-1A3956D46DE8}") = "Documents", "Documents", "{B5D68528-8358-4112-9FED-DE05F08AFBA6}"
	ProjectSection(SolutionItems) = preProject
		CHANGELOG.md = CHANGELOG.md
	EndProjectSection
EndProject
Global
	GlobalSection(SolutionConfigurationPlatforms) = preSolution
		Debug|Any CPU = Debug|Any CPU
		Debug|Mixed Platforms = Debug|Mixed Platforms
		Debug|x64 = Debug|x64
		Debug|x86 = Debug|x86
		Release|Any CPU = Release|Any CPU
		Release|Mixed Platforms = Release|Mixed Platforms
		Release|x64 = Release|x64
		Release|x86 = Release|x86
	EndGlobalSection
	GlobalSection(ProjectConfigurationPlatforms) = postSolution
		{8DAEFFC0-4370-4F9F-A9E9-528D0E9FF2E4}.Debug|Any CPU.ActiveCfg = Debug|Any CPU
		{8DAEFFC0-4370-4F9F-A9E9-528D0E9FF2E4}.Debug|Any CPU.Build.0 = Debug|Any CPU
		{8DAEFFC0-4370-4F9F-A9E9-528D0E9FF2E4}.Debug|Mixed Platforms.ActiveCfg = Debug|Any CPU
		{8DAEFFC0-4370-4F9F-A9E9-528D0E9FF2E4}.Debug|Mixed Platforms.Build.0 = Debug|Any CPU
		{8DAEFFC0-4370-4F9F-A9E9-528D0E9FF2E4}.Debug|x64.ActiveCfg = Debug|x64
		{8DAEFFC0-4370-4F9F-A9E9-528D0E9FF2E4}.Debug|x64.Build.0 = Debug|x64
		{8DAEFFC0-4370-4F9F-A9E9-528D0E9FF2E4}.Debug|x86.ActiveCfg = Debug|x86
		{8DAEFFC0-4370-4F9F-A9E9-528D0E9FF2E4}.Debug|x86.Build.0 = Debug|x86
		{8DAEFFC0-4370-4F9F-A9E9-528D0E9FF2E4}.Release|Any CPU.ActiveCfg = Release|Any CPU
		{8DAEFFC0-4370-4F9F-A9E9-528D0E9FF2E4}.Release|Any CPU.Build.0 = Release|Any CPU
		{8DAEFFC0-4370-4F9F-A9E9-528D0E9FF2E4}.Release|Mixed Platforms.ActiveCfg = Release|Any CPU
		{8DAEFFC0-4370-4F9F-A9E9-528D0E9FF2E4}.Release|Mixed Platforms.Build.0 = Release|Any CPU
		{8DAEFFC0-4370-4F9F-A9E9-528D0E9FF2E4}.Release|x64.ActiveCfg = Release|x64
		{8DAEFFC0-4370-4F9F-A9E9-528D0E9FF2E4}.Release|x64.Build.0 = Release|x64
		{8DAEFFC0-4370-4F9F-A9E9-528D0E9FF2E4}.Release|x86.ActiveCfg = Release|x86
		{8DAEFFC0-4370-4F9F-A9E9-528D0E9FF2E4}.Release|x86.Build.0 = Release|x86
		{D35B4D1E-B885-47CB-B0CF-546FF3F3E391}.Debug|Any CPU.ActiveCfg = Debug|Any CPU
		{D35B4D1E-B885-47CB-B0CF-546FF3F3E391}.Debug|Any CPU.Build.0 = Debug|Any CPU
		{D35B4D1E-B885-47CB-B0CF-546FF3F3E391}.Debug|Mixed Platforms.ActiveCfg = Debug|Any CPU
		{D35B4D1E-B885-47CB-B0CF-546FF3F3E391}.Debug|Mixed Platforms.Build.0 = Debug|Any CPU
		{D35B4D1E-B885-47CB-B0CF-546FF3F3E391}.Debug|x64.ActiveCfg = Debug|Any CPU
		{D35B4D1E-B885-47CB-B0CF-546FF3F3E391}.Debug|x86.ActiveCfg = Debug|x86
		{D35B4D1E-B885-47CB-B0CF-546FF3F3E391}.Debug|x86.Build.0 = Debug|x86
		{D35B4D1E-B885-47CB-B0CF-546FF3F3E391}.Release|Any CPU.ActiveCfg = Release|Any CPU
		{D35B4D1E-B885-47CB-B0CF-546FF3F3E391}.Release|Any CPU.Build.0 = Release|Any CPU
		{D35B4D1E-B885-47CB-B0CF-546FF3F3E391}.Release|Mixed Platforms.ActiveCfg = Release|Any CPU
		{D35B4D1E-B885-47CB-B0CF-546FF3F3E391}.Release|Mixed Platforms.Build.0 = Release|Any CPU
		{D35B4D1E-B885-47CB-B0CF-546FF3F3E391}.Release|x64.ActiveCfg = Release|Any CPU
		{D35B4D1E-B885-47CB-B0CF-546FF3F3E391}.Release|x86.ActiveCfg = Release|x86
		{D35B4D1E-B885-47CB-B0CF-546FF3F3E391}.Release|x86.Build.0 = Release|x86
		{2338CB08-8C33-4E4E-8E63-DB6922EFF3AD}.Debug|Any CPU.ActiveCfg = Debug|x86
		{2338CB08-8C33-4E4E-8E63-DB6922EFF3AD}.Debug|Mixed Platforms.ActiveCfg = Debug|x86
		{2338CB08-8C33-4E4E-8E63-DB6922EFF3AD}.Debug|x64.ActiveCfg = Debug|x86
		{2338CB08-8C33-4E4E-8E63-DB6922EFF3AD}.Debug|x86.ActiveCfg = Debug|x86
		{2338CB08-8C33-4E4E-8E63-DB6922EFF3AD}.Release|Any CPU.ActiveCfg = Release|x86
		{2338CB08-8C33-4E4E-8E63-DB6922EFF3AD}.Release|Any CPU.Build.0 = Release|x86
		{2338CB08-8C33-4E4E-8E63-DB6922EFF3AD}.Release|Mixed Platforms.ActiveCfg = Release|x86
		{2338CB08-8C33-4E4E-8E63-DB6922EFF3AD}.Release|Mixed Platforms.Build.0 = Release|x86
		{2338CB08-8C33-4E4E-8E63-DB6922EFF3AD}.Release|x64.ActiveCfg = Release|x86
		{2338CB08-8C33-4E4E-8E63-DB6922EFF3AD}.Release|x86.ActiveCfg = Release|x86
		{2338CB08-8C33-4E4E-8E63-DB6922EFF3AD}.Release|x86.Build.0 = Release|x86
	EndGlobalSection
	GlobalSection(SolutionProperties) = preSolution
		HideSolutionNode = FALSE
	EndGlobalSection
EndGlobal
